{
  "originHash" : "96c444253f8a0147513e8b241a3df42e314c30e4aa9b93186edf4ce35f3687f5",
  "pins" : [
    {
      "identity" : "alamofire",
      "kind" : "remoteSourceControl",
      "location" : "https://github.com/Alamofire/Alamofire",
      "state" : {
        "revision" : "513364f870f6bfc468f9d2ff0a95caccc10044c5",
        "version" : "5.10.2"
      }
    },
    {
      "identity" : "codextended",
      "kind" : "remoteSourceControl",
      "location" : "https://github.com/JohnSundell/Codextended",
      "state" : {
        "revision" : "8d7c46dfc9c55240870cf5561d6cefa41e3d7105",
        "version" : "0.3.0"
      }
    },
    {
      "identity" : "kingfisher",
      "kind" : "remoteSourceControl",
      "location" : "https://github.com/onevcat/Kingfisher.git",
      "state" : {
        "revision" : "1a0c2df04b31ed7aa318354f3583faea24f006fc",
        "version" : "5.15.8"
      }
    },
    {
      "identity" : "reactorkit",
      "kind" : "remoteSourceControl",
      "location" : "https://github.com/ReactorKit/ReactorKit.git",
      "state" : {
        "revision" : "8fa33f09c6f6621a2aa536d739956d53b84dd139",
        "version" : "3.2.0"
      }
    },
    {
      "identity" : "rxdatasources",
      "kind" : "remoteSourceControl",
      "location" : "https://github.com/RxSwiftCommunity/RxDataSources",
      "state" : {
        "revision" : "90c29b48b628479097fe775ed1966d75ac374518",
        "version" : "5.0.2"
      }
    },
    {
      "identity" : "rxkingfisher",
      "kind" : "remoteSourceControl",
      "location" : "https://github.com/RxSwiftCommunity/RxKingfisher",
      "state" : {
        "revision" : "5f195d1c9a21e3ca930d1bfef24335c8b752ea64",
        "version" : "2.1.0"
      }
    },
    {
      "identity" : "rxswift",
      "kind" : "remoteSourceControl",
      "location" : "https://github.com/ReactiveX/RxSwift.git",
      "state" : {
        "revision" : "5004a18539bd68905c5939aa893075f578f4f03d",
        "version" : "6.9.1"
      }
    },
    {
      "identity" : "snapkit",
      "kind" : "remoteSourceControl",
      "location" : "https://github.com/SnapKit/SnapKit.git",
      "state" : {
        "revision" : "2842e6e84e82eb9a8dac0100ca90d9444b0307f4",
        "version" : "5.7.1"
      }
    },
    {
      "identity" : "then",
      "kind" : "remoteSourceControl",
      "location" : "https://github.com/devxoul/Then",
      "state" : {
        "revision" : "d41ef523faef0f911369f79c0b96815d9dbb6d7a",
        "version" : "3.0.0"
      }
    },
    {
      "identity" : "weakmaptable",
      "kind" : "remoteSourceControl",
      "location" : "https://github.com/ReactorKit/WeakMapTable.git",
      "state" : {
        "revision" : "cb05d64cef2bbf51e85c53adee937df46540a74e",
        "version" : "1.2.1"
      }
    }
  ],
  "version" : 3
}
