// !$*UTF8*$!
{
	archiveVersion = 1;
	classes = {
	};
	objectVersion = 77;
	objects = {

/* Begin PBXBuildFile section */
		A818C0E42EE2BFBF007A6406 /* SnapKit in Frameworks */ = {isa = PBXBuildFile; productRef = A818C0E32EE2BFBF007A6406 /* SnapKit */; };
		A818C0E72EE2BFCA007A6406 /* Alamofire in Frameworks */ = {isa = PBXBuildFile; productRef = A818C0E62EE2BFCA007A6406 /* Alamofire */; };
		A818C0EA2EE2BFDC007A6406 /* RxCocoa in Frameworks */ = {isa = PBXBuildFile; productRef = A818C0E92EE2BFDC007A6406 /* RxCocoa */; };
		A818C0EC2EE2BFDC007A6406 /* RxSwift in Frameworks */ = {isa = PBXBuildFile; productRef = A818C0EB2EE2BFDC007A6406 /* RxSwift */; };
		A818C0EF2EE2BFE8007A6406 /* ReactorKit in Frameworks */ = {isa = PBXBuildFile; productRef = A818C0EE2EE2BFE8007A6406 /* ReactorKit */; };
		A818C0F22EE2BFF6007A6406 /* RxKingfisher in Frameworks */ = {isa = PBXBuildFile; productRef = A818C0F12EE2BFF6007A6406 /* RxKingfisher */; };
		A818C0F52EE2C001007A6406 /* Codextended in Frameworks */ = {isa = PBXBuildFile; productRef = A818C0F42EE2C001007A6406 /* Codextended */; };
		A818C0F82EE2C00E007A6406 /* Then in Frameworks */ = {isa = PBXBuildFile; productRef = A818C0F72EE2C00E007A6406 /* Then */; };
		A818C0FB2EE2C026007A6406 /* RxDataSources in Frameworks */ = {isa = PBXBuildFile; productRef = A818C0FA2EE2C026007A6406 /* RxDataSources */; };
/* End PBXBuildFile section */

/* Begin PBXContainerItemProxy section */
		A818C04F2EE2B0BD007A6406 /* PBXContainerItemProxy */ = {
			isa = PBXContainerItemProxy;
			containerPortal = A818C0302EE2B0BB007A6406 /* Project object */;
			proxyType = 1;
			remoteGlobalIDString = A818C0372EE2B0BB007A6406;
			remoteInfo = UnsplashCloneApp;
		};
		A818C0592EE2B0BD007A6406 /* PBXContainerItemProxy */ = {
			isa = PBXContainerItemProxy;
			containerPortal = A818C0302EE2B0BB007A6406 /* Project object */;
			proxyType = 1;
			remoteGlobalIDString = A818C0372EE2B0BB007A6406;
			remoteInfo = UnsplashCloneApp;
		};
/* End PBXContainerItemProxy section */

/* Begin PBXFileReference section */
		A818C0382EE2B0BB007A6406 /* UnsplashCloneApp.app */ = {isa = PBXFileReference; explicitFileType = wrapper.application; includeInIndex = 0; path = UnsplashCloneApp.app; sourceTree = BUILT_PRODUCTS_DIR; };
		A818C04E2EE2B0BD007A6406 /* UnsplashCloneAppTests.xctest */ = {isa = PBXFileReference; explicitFileType = wrapper.cfbundle; includeInIndex = 0; path = UnsplashCloneAppTests.xctest; sourceTree = BUILT_PRODUCTS_DIR; };
		A818C0582EE2B0BD007A6406 /* UnsplashCloneAppUITests.xctest */ = {isa = PBXFileReference; explicitFileType = wrapper.cfbundle; includeInIndex = 0; path = UnsplashCloneAppUITests.xctest; sourceTree = BUILT_PRODUCTS_DIR; };
/* End PBXFileReference section */

/* Begin PBXFileSystemSynchronizedBuildFileExceptionSet section */
		A818C0602EE2B0BD007A6406 /* Exceptions for "UnsplashCloneApp" folder in "UnsplashCloneApp" target */ = {
			isa = PBXFileSystemSynchronizedBuildFileExceptionSet;
			membershipExceptions = (
				"Supporting Files/Info.plist",
			);
			target = A818C0372EE2B0BB007A6406 /* UnsplashCloneApp */;
		};
/* End PBXFileSystemSynchronizedBuildFileExceptionSet section */

/* Begin PBXFileSystemSynchronizedRootGroup section */
		A818C03A2EE2B0BB007A6406 /* UnsplashCloneApp */ = {
			isa = PBXFileSystemSynchronizedRootGroup;
			exceptions = (
				A818C0602EE2B0BD007A6406 /* Exceptions for "UnsplashCloneApp" folder in "UnsplashCloneApp" target */,
			);
			path = UnsplashCloneApp;
			sourceTree = "<group>";
		};
		A818C0512EE2B0BD007A6406 /* UnsplashCloneAppTests */ = {
			isa = PBXFileSystemSynchronizedRootGroup;
			path = UnsplashCloneAppTests;
			sourceTree = "<group>";
		};
		A818C05B2EE2B0BD007A6406 /* UnsplashCloneAppUITests */ = {
			isa = PBXFileSystemSynchronizedRootGroup;
			path = UnsplashCloneAppUITests;
			sourceTree = "<group>";
		};
/* End PBXFileSystemSynchronizedRootGroup section */

/* Begin PBXFrameworksBuildPhase section */
		A818C0352EE2B0BB007A6406 /* Frameworks */ = {
			isa = PBXFrameworksBuildPhase;
			buildActionMask = 2147483647;
			files = (
				A818C0F22EE2BFF6007A6406 /* RxKingfisher in Frameworks */,
				A818C0EA2EE2BFDC007A6406 /* RxCocoa in Frameworks */,
				A818C0E42EE2BFBF007A6406 /* SnapKit in Frameworks */,
				A818C0F82EE2C00E007A6406 /* Then in Frameworks */,
				A818C0F52EE2C001007A6406 /* Codextended in Frameworks */,
				A818C0EC2EE2BFDC007A6406 /* RxSwift in Frameworks */,
				A818C0FB2EE2C026007A6406 /* RxDataSources in Frameworks */,
				A818C0EF2EE2BFE8007A6406 /* ReactorKit in Frameworks */,
				A818C0E72EE2BFCA007A6406 /* Alamofire in Frameworks */,
			);
			runOnlyForDeploymentPostprocessing = 0;
		};
		A818C04B2EE2B0BD007A6406 /* Frameworks */ = {
			isa = PBXFrameworksBuildPhase;
			buildActionMask = 2147483647;
			files = (
			);
			runOnlyForDeploymentPostprocessing = 0;
		};
		A818C0552EE2B0BD007A6406 /* Frameworks */ = {
			isa = PBXFrameworksBuildPhase;
			buildActionMask = 2147483647;
			files = (
			);
			runOnlyForDeploymentPostprocessing = 0;
		};
/* End PBXFrameworksBuildPhase section */

/* Begin PBXGroup section */
		A818C02F2EE2B0BB007A6406 = {
			isa = PBXGroup;
			children = (
				A818C03A2EE2B0BB007A6406 /* UnsplashCloneApp */,
				A818C0512EE2B0BD007A6406 /* UnsplashCloneAppTests */,
				A818C05B2EE2B0BD007A6406 /* UnsplashCloneAppUITests */,
				A818C0392EE2B0BB007A6406 /* Products */,
			);
			sourceTree = "<group>";
		};
		A818C0392EE2B0BB007A6406 /* Products */ = {
			isa = PBXGroup;
			children = (
				A818C0382EE2B0BB007A6406 /* UnsplashCloneApp.app */,
				A818C04E2EE2B0BD007A6406 /* UnsplashCloneAppTests.xctest */,
				A818C0582EE2B0BD007A6406 /* UnsplashCloneAppUITests.xctest */,
			);
			name = Products;
			sourceTree = "<group>";
		};
/* End PBXGroup section */

/* Begin PBXNativeTarget section */
		A818C0372EE2B0BB007A6406 /* UnsplashCloneApp */ = {
			isa = PBXNativeTarget;
			buildConfigurationList = A818C0612EE2B0BD007A6406 /* Build configuration list for PBXNativeTarget "UnsplashCloneApp" */;
			buildPhases = (
				A818C0342EE2B0BB007A6406 /* Sources */,
				A818C0352EE2B0BB007A6406 /* Frameworks */,
				A818C0362EE2B0BB007A6406 /* Resources */,
			);
			buildRules = (
			);
			dependencies = (
			);
			fileSystemSynchronizedGroups = (
				A818C03A2EE2B0BB007A6406 /* UnsplashCloneApp */,
			);
			name = UnsplashCloneApp;
			packageProductDependencies = (
				A818C0E32EE2BFBF007A6406 /* SnapKit */,
				A818C0E62EE2BFCA007A6406 /* Alamofire */,
				A818C0E92EE2BFDC007A6406 /* RxCocoa */,
				A818C0EB2EE2BFDC007A6406 /* RxSwift */,
				A818C0EE2EE2BFE8007A6406 /* ReactorKit */,
				A818C0F12EE2BFF6007A6406 /* RxKingfisher */,
				A818C0F42EE2C001007A6406 /* Codextended */,
				A818C0F72EE2C00E007A6406 /* Then */,
				A818C0FA2EE2C026007A6406 /* RxDataSources */,
			);
			productName = UnsplashCloneApp;
			productReference = A818C0382EE2B0BB007A6406 /* UnsplashCloneApp.app */;
			productType = "com.apple.product-type.application";
		};
		A818C04D2EE2B0BD007A6406 /* UnsplashCloneAppTests */ = {
			isa = PBXNativeTarget;
			buildConfigurationList = A818C0662EE2B0BD007A6406 /* Build configuration list for PBXNativeTarget "UnsplashCloneAppTests" */;
			buildPhases = (
				A818C04A2EE2B0BD007A6406 /* Sources */,
				A818C04B2EE2B0BD007A6406 /* Frameworks */,
				A818C04C2EE2B0BD007A6406 /* Resources */,
			);
			buildRules = (
			);
			dependencies = (
				A818C0502EE2B0BD007A6406 /* PBXTargetDependency */,
			);
			fileSystemSynchronizedGroups = (
				A818C0512EE2B0BD007A6406 /* UnsplashCloneAppTests */,
			);
			name = UnsplashCloneAppTests;
			packageProductDependencies = (
			);
			productName = UnsplashCloneAppTests;
			productReference = A818C04E2EE2B0BD007A6406 /* UnsplashCloneAppTests.xctest */;
			productType = "com.apple.product-type.bundle.unit-test";
		};
		A818C0572EE2B0BD007A6406 /* UnsplashCloneAppUITests */ = {
			isa = PBXNativeTarget;
			buildConfigurationList = A818C0692EE2B0BD007A6406 /* Build configuration list for PBXNativeTarget "UnsplashCloneAppUITests" */;
			buildPhases = (
				A818C0542EE2B0BD007A6406 /* Sources */,
				A818C0552EE2B0BD007A6406 /* Frameworks */,
				A818C0562EE2B0BD007A6406 /* Resources */,
			);
			buildRules = (
			);
			dependencies = (
				A818C05A2EE2B0BD007A6406 /* PBXTargetDependency */,
			);
			fileSystemSynchronizedGroups = (
				A818C05B2EE2B0BD007A6406 /* UnsplashCloneAppUITests */,
			);
			name = UnsplashCloneAppUITests;
			packageProductDependencies = (
			);
			productName = UnsplashCloneAppUITests;
			productReference = A818C0582EE2B0BD007A6406 /* UnsplashCloneAppUITests.xctest */;
			productType = "com.apple.product-type.bundle.ui-testing";
		};
/* End PBXNativeTarget section */

/* Begin PBXProject section */
		A818C0302EE2B0BB007A6406 /* Project object */ = {
			isa = PBXProject;
			attributes = {
				BuildIndependentTargetsInParallel = 1;
				LastSwiftUpdateCheck = 2600;
				LastUpgradeCheck = 2600;
				TargetAttributes = {
					A818C0372EE2B0BB007A6406 = {
						CreatedOnToolsVersion = 26.0.1;
					};
					A818C04D2EE2B0BD007A6406 = {
						CreatedOnToolsVersion = 26.0.1;
						TestTargetID = A818C0372EE2B0BB007A6406;
					};
					A818C0572EE2B0BD007A6406 = {
						CreatedOnToolsVersion = 26.0.1;
						TestTargetID = A818C0372EE2B0BB007A6406;
					};
				};
			};
			buildConfigurationList = A818C0332EE2B0BB007A6406 /* Build configuration list for PBXProject "UnsplashCloneApp" */;
			developmentRegion = en;
			hasScannedForEncodings = 0;
			knownRegions = (
				en,
				Base,
			);
			mainGroup = A818C02F2EE2B0BB007A6406;
			minimizedProjectReferenceProxies = 1;
			packageReferences = (
				A818C0E22EE2BFBF007A6406 /* XCRemoteSwiftPackageReference "SnapKit" */,
				A818C0E52EE2BFCA007A6406 /* XCRemoteSwiftPackageReference "Alamofire" */,
				A818C0E82EE2BFDC007A6406 /* XCRemoteSwiftPackageReference "RxSwift" */,
				A818C0ED2EE2BFE8007A6406 /* XCRemoteSwiftPackageReference "ReactorKit" */,
				A818C0F02EE2BFF6007A6406 /* XCRemoteSwiftPackageReference "RxKingfisher" */,
				A818C0F32EE2C001007A6406 /* XCRemoteSwiftPackageReference "Codextended" */,
				A818C0F62EE2C00E007A6406 /* XCRemoteSwiftPackageReference "Then" */,
				A818C0F92EE2C026007A6406 /* XCRemoteSwiftPackageReference "RxDataSources" */,
			);
			preferredProjectObjectVersion = 77;
			productRefGroup = A818C0392EE2B0BB007A6406 /* Products */;
			projectDirPath = "";
			projectRoot = "";
			targets = (
				A818C0372EE2B0BB007A6406 /* UnsplashCloneApp */,
				A818C04D2EE2B0BD007A6406 /* UnsplashCloneAppTests */,
				A818C0572EE2B0BD007A6406 /* UnsplashCloneAppUITests */,
			);
		};
/* End PBXProject section */

/* Begin PBXResourcesBuildPhase section */
		A818C0362EE2B0BB007A6406 /* Resources */ = {
			isa = PBXResourcesBuildPhase;
			buildActionMask = 2147483647;
			files = (
			);
			runOnlyForDeploymentPostprocessing = 0;
		};
		A818C04C2EE2B0BD007A6406 /* Resources */ = {
			isa = PBXResourcesBuildPhase;
			buildActionMask = 2147483647;
			files = (
			);
			runOnlyForDeploymentPostprocessing = 0;
		};
		A818C0562EE2B0BD007A6406 /* Resources */ = {
			isa = PBXResourcesBuildPhase;
			buildActionMask = 2147483647;
			files = (
			);
			runOnlyForDeploymentPostprocessing = 0;
		};
/* End PBXResourcesBuildPhase section */

/* Begin PBXSourcesBuildPhase section */
		A818C0342EE2B0BB007A6406 /* Sources */ = {
			isa = PBXSourcesBuildPhase;
			buildActionMask = 2147483647;
			files = (
			);
			runOnlyForDeploymentPostprocessing = 0;
		};
		A818C04A2EE2B0BD007A6406 /* Sources */ = {
			isa = PBXSourcesBuildPhase;
			buildActionMask = 2147483647;
			files = (
			);
			runOnlyForDeploymentPostprocessing = 0;
		};
		A818C0542EE2B0BD007A6406 /* Sources */ = {
			isa = PBXSourcesBuildPhase;
			buildActionMask = 2147483647;
			files = (
			);
			runOnlyForDeploymentPostprocessing = 0;
		};
/* End PBXSourcesBuildPhase section */

/* Begin PBXTargetDependency section */
		A818C0502EE2B0BD007A6406 /* PBXTargetDependency */ = {
			isa = PBXTargetDependency;
			target = A818C0372EE2B0BB007A6406 /* UnsplashCloneApp */;
			targetProxy = A818C04F2EE2B0BD007A6406 /* PBXContainerItemProxy */;
		};
		A818C05A2EE2B0BD007A6406 /* PBXTargetDependency */ = {
			isa = PBXTargetDependency;
			target = A818C0372EE2B0BB007A6406 /* UnsplashCloneApp */;
			targetProxy = A818C0592EE2B0BD007A6406 /* PBXContainerItemProxy */;
		};
/* End PBXTargetDependency section */

/* Begin XCBuildConfiguration section */
		A818C0622EE2B0BD007A6406 /* Debug */ = {
			isa = XCBuildConfiguration;
			buildSettings = {
				ASSETCATALOG_COMPILER_APPICON_NAME = AppIcon;
				ASSETCATALOG_COMPILER_GLOBAL_ACCENT_COLOR_NAME = AccentColor;
				CODE_SIGN_STYLE = Automatic;
				CURRENT_PROJECT_VERSION = 1;
				DEVELOPMENT_TEAM = ZFQ4LB2HKZ;
				GENERATE_INFOPLIST_FILE = YES;
				INFOPLIST_FILE = "UnsplashCloneApp/Supporting Files/Info.plist";
				INFOPLIST_KEY_UIApplicationSupportsIndirectInputEvents = YES;
				INFOPLIST_KEY_UILaunchStoryboardName = LaunchScreen;
				INFOPLIST_KEY_UISupportedInterfaceOrientations = UIInterfaceOrientationPortrait;
				LD_RUNPATH_SEARCH_PATHS = (
					"$(inherited)",
					"@executable_path/Frameworks",
				);
				MARKETING_VERSION = 1.0;
				PRODUCT_BUNDLE_IDENTIFIER = sung9.UnsplashCloneApp;
				PRODUCT_NAME = "$(TARGET_NAME)";
				STRING_CATALOG_GENERATE_SYMBOLS = YES;
				SWIFT_APPROACHABLE_CONCURRENCY = YES;
				SWIFT_DEFAULT_ACTOR_ISOLATION = MainActor;
				SWIFT_EMIT_LOC_STRINGS = YES;
				SWIFT_UPCOMING_FEATURE_MEMBER_IMPORT_VISIBILITY = YES;
				SWIFT_VERSION = 5.0;
				TARGETED_DEVICE_FAMILY = "1,2";
			};
			name = Debug;
		};
		A818C0632EE2B0BD007A6406 /* Release */ = {
			isa = XCBuildConfiguration;
			buildSettings = {
				ASSETCATALOG_COMPILER_APPICON_NAME = AppIcon;
				ASSETCATALOG_COMPILER_GLOBAL_ACCENT_COLOR_NAME = AccentColor;
				CODE_SIGN_STYLE = Automatic;
				CURRENT_PROJECT_VERSION = 1;
				DEVELOPMENT_TEAM = ZFQ4LB2HKZ;
				GENERATE_INFOPLIST_FILE = YES;
				INFOPLIST_FILE = "UnsplashCloneApp/Supporting Files/Info.plist";
				INFOPLIST_KEY_UIApplicationSupportsIndirectInputEvents = YES;
				INFOPLIST_KEY_UILaunchStoryboardName = LaunchScreen;
				INFOPLIST_KEY_UISupportedInterfaceOrientations = UIInterfaceOrientationPortrait;
				LD_RUNPATH_SEARCH_PATHS = (
					"$(inherited)",
					"@executable_path/Frameworks",
				);
				MARKETING_VERSION = 1.0;
				PRODUCT_BUNDLE_IDENTIFIER = sung9.UnsplashCloneApp;
				PRODUCT_NAME = "$(TARGET_NAME)";
				STRING_CATALOG_GENERATE_SYMBOLS = YES;
				SWIFT_APPROACHABLE_CONCURRENCY = YES;
				SWIFT_DEFAULT_ACTOR_ISOLATION = MainActor;
				SWIFT_EMIT_LOC_STRINGS = YES;
				SWIFT_UPCOMING_FEATURE_MEMBER_IMPORT_VISIBILITY = YES;
				SWIFT_VERSION = 5.0;
				TARGETED_DEVICE_FAMILY = "1,2";
			};
			name = Release;
		};
		A818C0642EE2B0BD007A6406 /* Debug */ = {
			isa = XCBuildConfiguration;
			buildSettings = {
				ALWAYS_SEARCH_USER_PATHS = NO;
				ASSETCATALOG_COMPILER_GENERATE_SWIFT_ASSET_SYMBOL_EXTENSIONS = YES;
				CLANG_ANALYZER_NONNULL = YES;
				CLANG_ANALYZER_NUMBER_OBJECT_CONVERSION = YES_AGGRESSIVE;
				CLANG_CXX_LANGUAGE_STANDARD = "gnu++20";
				CLANG_ENABLE_MODULES = YES;
				CLANG_ENABLE_OBJC_ARC = YES;
				CLANG_ENABLE_OBJC_WEAK = YES;
				CLANG_WARN_BLOCK_CAPTURE_AUTORELEASING = YES;
				CLANG_WARN_BOOL_CONVERSION = YES;
				CLANG_WARN_COMMA = YES;
				CLANG_WARN_CONSTANT_CONVERSION = YES;
				CLANG_WARN_DEPRECATED_OBJC_IMPLEMENTATIONS = YES;
				CLANG_WARN_DIRECT_OBJC_ISA_USAGE = YES_ERROR;
				CLANG_WARN_DOCUMENTATION_COMMENTS = YES;
				CLANG_WARN_EMPTY_BODY = YES;
				CLANG_WARN_ENUM_CONVERSION = YES;
				CLANG_WARN_INFINITE_RECURSION = YES;
				CLANG_WARN_INT_CONVERSION = YES;
				CLANG_WARN_NON_LITERAL_NULL_CONVERSION = YES;
				CLANG_WARN_OBJC_IMPLICIT_RETAIN_SELF = YES;
				CLANG_WARN_OBJC_LITERAL_CONVERSION = YES;
				CLANG_WARN_OBJC_ROOT_CLASS = YES_ERROR;
				CLANG_WARN_QUOTED_INCLUDE_IN_FRAMEWORK_HEADER = YES;
				CLANG_WARN_RANGE_LOOP_ANALYSIS = YES;
				CLANG_WARN_STRICT_PROTOTYPES = YES;
				CLANG_WARN_SUSPICIOUS_MOVE = YES;
				CLANG_WARN_UNGUARDED_AVAILABILITY = YES_AGGRESSIVE;
				CLANG_WARN_UNREACHABLE_CODE = YES;
				CLANG_WARN__DUPLICATE_METHOD_MATCH = YES;
				COPY_PHASE_STRIP = NO;
				DEBUG_INFORMATION_FORMAT = dwarf;
				DEVELOPMENT_TEAM = ZFQ4LB2HKZ;
				ENABLE_STRICT_OBJC_MSGSEND = YES;
				ENABLE_TESTABILITY = YES;
				ENABLE_USER_SCRIPT_SANDBOXING = YES;
				GCC_C_LANGUAGE_STANDARD = gnu17;
				GCC_DYNAMIC_NO_PIC = NO;
				GCC_NO_COMMON_BLOCKS = YES;
				GCC_OPTIMIZATION_LEVEL = 0;
				GCC_PREPROCESSOR_DEFINITIONS = (
					"DEBUG=1",
					"$(inherited)",
				);
				GCC_WARN_64_TO_32_BIT_CONVERSION = YES;
				GCC_WARN_ABOUT_RETURN_TYPE = YES_ERROR;
				GCC_WARN_UNDECLARED_SELECTOR = YES;
				GCC_WARN_UNINITIALIZED_AUTOS = YES_AGGRESSIVE;
				GCC_WARN_UNUSED_FUNCTION = YES;
				GCC_WARN_UNUSED_VARIABLE = YES;
				IPHONEOS_DEPLOYMENT_TARGET = 26.0;
				LOCALIZATION_PREFERS_STRING_CATALOGS = YES;
				MTL_ENABLE_DEBUG_INFO = INCLUDE_SOURCE;
				MTL_FAST_MATH = YES;
				ONLY_ACTIVE_ARCH = YES;
				SDKROOT = iphoneos;
				SWIFT_ACTIVE_COMPILATION_CONDITIONS = "DEBUG $(inherited)";
				SWIFT_OPTIMIZATION_LEVEL = "-Onone";
			};
			name = Debug;
		};
		A818C0652EE2B0BD007A6406 /* Release */ = {
			isa = XCBuildConfiguration;
			buildSettings = {
				ALWAYS_SEARCH_USER_PATHS = NO;
				ASSETCATALOG_COMPILER_GENERATE_SWIFT_ASSET_SYMBOL_EXTENSIONS = YES;
				CLANG_ANALYZER_NONNULL = YES;
				CLANG_ANALYZER_NUMBER_OBJECT_CONVERSION = YES_AGGRESSIVE;
				CLANG_CXX_LANGUAGE_STANDARD = "gnu++20";
				CLANG_ENABLE_MODULES = YES;
				CLANG_ENABLE_OBJC_ARC = YES;
				CLANG_ENABLE_OBJC_WEAK = YES;
				CLANG_WARN_BLOCK_CAPTURE_AUTORELEASING = YES;
				CLANG_WARN_BOOL_CONVERSION = YES;
				CLANG_WARN_COMMA = YES;
				CLANG_WARN_CONSTANT_CONVERSION = YES;
				CLANG_WARN_DEPRECATED_OBJC_IMPLEMENTATIONS = YES;
				CLANG_WARN_DIRECT_OBJC_ISA_USAGE = YES_ERROR;
				CLANG_WARN_DOCUMENTATION_COMMENTS = YES;
				CLANG_WARN_EMPTY_BODY = YES;
				CLANG_WARN_ENUM_CONVERSION = YES;
				CLANG_WARN_INFINITE_RECURSION = YES;
				CLANG_WARN_INT_CONVERSION = YES;
				CLANG_WARN_NON_LITERAL_NULL_CONVERSION = YES;
				CLANG_WARN_OBJC_IMPLICIT_RETAIN_SELF = YES;
				CLANG_WARN_OBJC_LITERAL_CONVERSION = YES;
				CLANG_WARN_OBJC_ROOT_CLASS = YES_ERROR;
				CLANG_WARN_QUOTED_INCLUDE_IN_FRAMEWORK_HEADER = YES;
				CLANG_WARN_RANGE_LOOP_ANALYSIS = YES;
				CLANG_WARN_STRICT_PROTOTYPES = YES;
				CLANG_WARN_SUSPICIOUS_MOVE = YES;
				CLANG_WARN_UNGUARDED_AVAILABILITY = YES_AGGRESSIVE;
				CLANG_WARN_UNREACHABLE_CODE = YES;
				CLANG_WARN__DUPLICATE_METHOD_MATCH = YES;
				COPY_PHASE_STRIP = NO;
				DEBUG_INFORMATION_FORMAT = "dwarf-with-dsym";
				DEVELOPMENT_TEAM = ZFQ4LB2HKZ;
				ENABLE_NS_ASSERTIONS = NO;
				ENABLE_STRICT_OBJC_MSGSEND = YES;
				ENABLE_USER_SCRIPT_SANDBOXING = YES;
				GCC_C_LANGUAGE_STANDARD = gnu17;
				GCC_NO_COMMON_BLOCKS = YES;
				GCC_WARN_64_TO_32_BIT_CONVERSION = YES;
				GCC_WARN_ABOUT_RETURN_TYPE = YES_ERROR;
				GCC_WARN_UNDECLARED_SELECTOR = YES;
				GCC_WARN_UNINITIALIZED_AUTOS = YES_AGGRESSIVE;
				GCC_WARN_UNUSED_FUNCTION = YES;
				GCC_WARN_UNUSED_VARIABLE = YES;
				IPHONEOS_DEPLOYMENT_TARGET = 26.0;
				LOCALIZATION_PREFERS_STRING_CATALOGS = YES;
				MTL_ENABLE_DEBUG_INFO = NO;
				MTL_FAST_MATH = YES;
				SDKROOT = iphoneos;
				SWIFT_COMPILATION_MODE = wholemodule;
				VALIDATE_PRODUCT = YES;
			};
			name = Release;
		};
		A818C0672EE2B0BD007A6406 /* Debug */ = {
			isa = XCBuildConfiguration;
			buildSettings = {
				BUNDLE_LOADER = "$(TEST_HOST)";
				CODE_SIGN_STYLE = Automatic;
				CURRENT_PROJECT_VERSION = 1;
				DEVELOPMENT_TEAM = ZFQ4LB2HKZ;
				GENERATE_INFOPLIST_FILE = YES;
				IPHONEOS_DEPLOYMENT_TARGET = 26.0;
				MARKETING_VERSION = 1.0;
				PRODUCT_BUNDLE_IDENTIFIER = sung9.UnsplashCloneAppTests;
				PRODUCT_NAME = "$(TARGET_NAME)";
				STRING_CATALOG_GENERATE_SYMBOLS = NO;
				SWIFT_APPROACHABLE_CONCURRENCY = YES;
				SWIFT_EMIT_LOC_STRINGS = NO;
				SWIFT_UPCOMING_FEATURE_MEMBER_IMPORT_VISIBILITY = YES;
				SWIFT_VERSION = 5.0;
				TARGETED_DEVICE_FAMILY = "1,2";
				TEST_HOST = "$(BUILT_PRODUCTS_DIR)/UnsplashCloneApp.app/$(BUNDLE_EXECUTABLE_FOLDER_PATH)/UnsplashCloneApp";
			};
			name = Debug;
		};
		A818C0682EE2B0BD007A6406 /* Release */ = {
			isa = XCBuildConfiguration;
			buildSettings = {
				BUNDLE_LOADER = "$(TEST_HOST)";
				CODE_SIGN_STYLE = Automatic;
				CURRENT_PROJECT_VERSION = 1;
				DEVELOPMENT_TEAM = ZFQ4LB2HKZ;
				GENERATE_INFOPLIST_FILE = YES;
				IPHONEOS_DEPLOYMENT_TARGET = 26.0;
				MARKETING_VERSION = 1.0;
				PRODUCT_BUNDLE_IDENTIFIER = sung9.UnsplashCloneAppTests;
				PRODUCT_NAME = "$(TARGET_NAME)";
				STRING_CATALOG_GENERATE_SYMBOLS = NO;
				SWIFT_APPROACHABLE_CONCURRENCY = YES;
				SWIFT_EMIT_LOC_STRINGS = NO;
				SWIFT_UPCOMING_FEATURE_MEMBER_IMPORT_VISIBILITY = YES;
				SWIFT_VERSION = 5.0;
				TARGETED_DEVICE_FAMILY = "1,2";
				TEST_HOST = "$(BUILT_PRODUCTS_DIR)/UnsplashCloneApp.app/$(BUNDLE_EXECUTABLE_FOLDER_PATH)/UnsplashCloneApp";
			};
			name = Release;
		};
		A818C06A2EE2B0BD007A6406 /* Debug */ = {
			isa = XCBuildConfiguration;
			buildSettings = {
				CODE_SIGN_STYLE = Automatic;
				CURRENT_PROJECT_VERSION = 1;
				DEVELOPMENT_TEAM = ZFQ4LB2HKZ;
				GENERATE_INFOPLIST_FILE = YES;
				MARKETING_VERSION = 1.0;
				PRODUCT_BUNDLE_IDENTIFIER = sung9.UnsplashCloneAppUITests;
				PRODUCT_NAME = "$(TARGET_NAME)";
				STRING_CATALOG_GENERATE_SYMBOLS = NO;
				SWIFT_APPROACHABLE_CONCURRENCY = YES;
				SWIFT_EMIT_LOC_STRINGS = NO;
				SWIFT_UPCOMING_FEATURE_MEMBER_IMPORT_VISIBILITY = YES;
				SWIFT_VERSION = 5.0;
				TARGETED_DEVICE_FAMILY = "1,2";
				TEST_TARGET_NAME = UnsplashCloneApp;
			};
			name = Debug;
		};
		A818C06B2EE2B0BD007A6406 /* Release */ = {
			isa = XCBuildConfiguration;
			buildSettings = {
				CODE_SIGN_STYLE = Automatic;
				CURRENT_PROJECT_VERSION = 1;
				DEVELOPMENT_TEAM = ZFQ4LB2HKZ;
				GENERATE_INFOPLIST_FILE = YES;
				MARKETING_VERSION = 1.0;
				PRODUCT_BUNDLE_IDENTIFIER = sung9.UnsplashCloneAppUITests;
				PRODUCT_NAME = "$(TARGET_NAME)";
				STRING_CATALOG_GENERATE_SYMBOLS = NO;
				SWIFT_APPROACHABLE_CONCURRENCY = YES;
				SWIFT_EMIT_LOC_STRINGS = NO;
				SWIFT_UPCOMING_FEATURE_MEMBER_IMPORT_VISIBILITY = YES;
				SWIFT_VERSION = 5.0;
				TARGETED_DEVICE_FAMILY = "1,2";
				TEST_TARGET_NAME = UnsplashCloneApp;
			};
			name = Release;
		};
/* End XCBuildConfiguration section */

/* Begin XCConfigurationList section */
		A818C0332EE2B0BB007A6406 /* Build configuration list for PBXProject "UnsplashCloneApp" */ = {
			isa = XCConfigurationList;
			buildConfigurations = (
				A818C0642EE2B0BD007A6406 /* Debug */,
				A818C0652EE2B0BD007A6406 /* Release */,
			);
			defaultConfigurationIsVisible = 0;
			defaultConfigurationName = Release;
		};
		A818C0612EE2B0BD007A6406 /* Build configuration list for PBXNativeTarget "UnsplashCloneApp" */ = {
			isa = XCConfigurationList;
			buildConfigurations = (
				A818C0622EE2B0BD007A6406 /* Debug */,
				A818C0632EE2B0BD007A6406 /* Release */,
			);
			defaultConfigurationIsVisible = 0;
			defaultConfigurationName = Release;
		};
		A818C0662EE2B0BD007A6406 /* Build configuration list for PBXNativeTarget "UnsplashCloneAppTests" */ = {
			isa = XCConfigurationList;
			buildConfigurations = (
				A818C0672EE2B0BD007A6406 /* Debug */,
				A818C0682EE2B0BD007A6406 /* Release */,
			);
			defaultConfigurationIsVisible = 0;
			defaultConfigurationName = Release;
		};
		A818C0692EE2B0BD007A6406 /* Build configuration list for PBXNativeTarget "UnsplashCloneAppUITests" */ = {
			isa = XCConfigurationList;
			buildConfigurations = (
				A818C06A2EE2B0BD007A6406 /* Debug */,
				A818C06B2EE2B0BD007A6406 /* Release */,
			);
			defaultConfigurationIsVisible = 0;
			defaultConfigurationName = Release;
		};
/* End XCConfigurationList section */

/* Begin XCRemoteSwiftPackageReference section */
		A818C0E22EE2BFBF007A6406 /* XCRemoteSwiftPackageReference "SnapKit" */ = {
			isa = XCRemoteSwiftPackageReference;
			repositoryURL = "https://github.com/SnapKit/SnapKit.git";
			requirement = {
				kind = upToNextMajorVersion;
				minimumVersion = 5.7.1;
			};
		};
		A818C0E52EE2BFCA007A6406 /* XCRemoteSwiftPackageReference "Alamofire" */ = {
			isa = XCRemoteSwiftPackageReference;
			repositoryURL = "https://github.com/Alamofire/Alamofire";
			requirement = {
				kind = upToNextMajorVersion;
				minimumVersion = 5.10.2;
			};
		};
		A818C0E82EE2BFDC007A6406 /* XCRemoteSwiftPackageReference "RxSwift" */ = {
			isa = XCRemoteSwiftPackageReference;
			repositoryURL = "https://github.com/ReactiveX/RxSwift.git";
			requirement = {
				kind = upToNextMajorVersion;
				minimumVersion = 6.9.1;
			};
		};
		A818C0ED2EE2BFE8007A6406 /* XCRemoteSwiftPackageReference "ReactorKit" */ = {
			isa = XCRemoteSwiftPackageReference;
			repositoryURL = "https://github.com/ReactorKit/ReactorKit.git";
			requirement = {
				kind = upToNextMajorVersion;
				minimumVersion = 3.2.0;
			};
		};
		A818C0F02EE2BFF6007A6406 /* XCRemoteSwiftPackageReference "RxKingfisher" */ = {
			isa = XCRemoteSwiftPackageReference;
			repositoryURL = "https://github.com/RxSwiftCommunity/RxKingfisher";
			requirement = {
				kind = upToNextMajorVersion;
				minimumVersion = 2.1.0;
			};
		};
		A818C0F32EE2C001007A6406 /* XCRemoteSwiftPackageReference "Codextended" */ = {
			isa = XCRemoteSwiftPackageReference;
			repositoryURL = "https://github.com/JohnSundell/Codextended";
			requirement = {
				kind = upToNextMajorVersion;
				minimumVersion = 0.3.0;
			};
		};
		A818C0F62EE2C00E007A6406 /* XCRemoteSwiftPackageReference "Then" */ = {
			isa = XCRemoteSwiftPackageReference;
			repositoryURL = "https://github.com/devxoul/Then";
			requirement = {
				kind = upToNextMajorVersion;
				minimumVersion = 3.0.0;
			};
		};
		A818C0F92EE2C026007A6406 /* XCRemoteSwiftPackageReference "RxDataSources" */ = {
			isa = XCRemoteSwiftPackageReference;
			repositoryURL = "https://github.com/RxSwiftCommunity/RxDataSources";
			requirement = {
				kind = upToNextMajorVersion;
				minimumVersion = 5.0.2;
			};
		};
/* End XCRemoteSwiftPackageReference section */

/* Begin XCSwiftPackageProductDependency section */
		A818C0E32EE2BFBF007A6406 /* SnapKit */ = {
			isa = XCSwiftPackageProductDependency;
			package = A818C0E22EE2BFBF007A6406 /* XCRemoteSwiftPackageReference "SnapKit" */;
			productName = SnapKit;
		};
		A818C0E62EE2BFCA007A6406 /* Alamofire */ = {
			isa = XCSwiftPackageProductDependency;
			package = A818C0E52EE2BFCA007A6406 /* XCRemoteSwiftPackageReference "Alamofire" */;
			productName = Alamofire;
		};
		A818C0E92EE2BFDC007A6406 /* RxCocoa */ = {
			isa = XCSwiftPackageProductDependency;
			package = A818C0E82EE2BFDC007A6406 /* XCRemoteSwiftPackageReference "RxSwift" */;
			productName = RxCocoa;
		};
		A818C0EB2EE2BFDC007A6406 /* RxSwift */ = {
			isa = XCSwiftPackageProductDependency;
			package = A818C0E82EE2BFDC007A6406 /* XCRemoteSwiftPackageReference "RxSwift" */;
			productName = RxSwift;
		};
		A818C0EE2EE2BFE8007A6406 /* ReactorKit */ = {
			isa = XCSwiftPackageProductDependency;
			package = A818C0ED2EE2BFE8007A6406 /* XCRemoteSwiftPackageReference "ReactorKit" */;
			productName = ReactorKit;
		};
		A818C0F12EE2BFF6007A6406 /* RxKingfisher */ = {
			isa = XCSwiftPackageProductDependency;
			package = A818C0F02EE2BFF6007A6406 /* XCRemoteSwiftPackageReference "RxKingfisher" */;
			productName = RxKingfisher;
		};
		A818C0F42EE2C001007A6406 /* Codextended */ = {
			isa = XCSwiftPackageProductDependency;
			package = A818C0F32EE2C001007A6406 /* XCRemoteSwiftPackageReference "Codextended" */;
			productName = Codextended;
		};
		A818C0F72EE2C00E007A6406 /* Then */ = {
			isa = XCSwiftPackageProductDependency;
			package = A818C0F62EE2C00E007A6406 /* XCRemoteSwiftPackageReference "Then" */;
			productName = Then;
		};
		A818C0FA2EE2C026007A6406 /* RxDataSources */ = {
			isa = XCSwiftPackageProductDependency;
			package = A818C0F92EE2C026007A6406 /* XCRemoteSwiftPackageReference "RxDataSources" */;
			productName = RxDataSources;
		};
/* End XCSwiftPackageProductDependency section */
	};
	rootObject = A818C0302EE2B0BB007A6406 /* Project object */;
}
